// !$*UTF8*$!
{
	archiveVersion = 1;
	classes = {
	};
	objectVersion = 46;
	objects = {

/* Begin PBXBuildFile section */
		05BC56461C4050B400FAB24F /* CoreLocation.framework in Frameworks */ = {isa = PBXBuildFile; fileRef = 05BC56451C4050B400FAB24F /* CoreLocation.framework */; };
		05BC56481C4050BC00FAB24F /* MapKit.framework in Frameworks */ = {isa = PBXBuildFile; fileRef = 05BC56471C4050BC00FAB24F /* MapKit.framework */; };
		D20363611C3FF068002664D0 /* main.m in Sources */ = {isa = PBXBuildFile; fileRef = D20363601C3FF068002664D0 /* main.m */; };
		D20363641C3FF068002664D0 /* AppDelegate.m in Sources */ = {isa = PBXBuildFile; fileRef = D20363631C3FF068002664D0 /* AppDelegate.m */; };
		D203636A1C3FF068002664D0 /* Main.storyboard in Resources */ = {isa = PBXBuildFile; fileRef = D20363681C3FF068002664D0 /* Main.storyboard */; };
		D203636D1C3FF068002664D0 /* Smogapp.xcdatamodeld in Sources */ = {isa = PBXBuildFile; fileRef = D203636B1C3FF068002664D0 /* Smogapp.xcdatamodeld */; };
		D203636F1C3FF068002664D0 /* Assets.xcassets in Resources */ = {isa = PBXBuildFile; fileRef = D203636E1C3FF068002664D0 /* Assets.xcassets */; };
		D20363721C3FF068002664D0 /* LaunchScreen.storyboard in Resources */ = {isa = PBXBuildFile; fileRef = D20363701C3FF068002664D0 /* LaunchScreen.storyboard */; };
		D273E2001C50E852008949F1 /* StationResultTableViewController.m in Sources */ = {isa = PBXBuildFile; fileRef = D273E1FF1C50E852008949F1 /* StationResultTableViewController.m */; };
		D273E2041C50E863008949F1 /* CityMapViewController.m in Sources */ = {isa = PBXBuildFile; fileRef = D273E2031C50E863008949F1 /* CityMapViewController.m */; };
		D273E2081C50E86D008949F1 /* CitiesViewController.m in Sources */ = {isa = PBXBuildFile; fileRef = D273E2071C50E86D008949F1 /* CitiesViewController.m */; };
		D273E20C1C50E875008949F1 /* JSONParserToCoreData.m in Sources */ = {isa = PBXBuildFile; fileRef = D273E20B1C50E875008949F1 /* JSONParserToCoreData.m */; };
		D273E2101C50E87B008949F1 /* JSONDownloader.m in Sources */ = {isa = PBXBuildFile; fileRef = D273E20F1C50E87B008949F1 /* JSONDownloader.m */; };
		D273E21A1C50E884008949F1 /* Pollution+CoreDataProperties.m in Sources */ = {isa = PBXBuildFile; fileRef = D273E2131C50E884008949F1 /* Pollution+CoreDataProperties.m */; };
		D273E21B1C50E884008949F1 /* Pollution.m in Sources */ = {isa = PBXBuildFile; fileRef = D273E2151C50E884008949F1 /* Pollution.m */; };
		D273E21C1C50E884008949F1 /* Station+CoreDataProperties.m in Sources */ = {isa = PBXBuildFile; fileRef = D273E2171C50E884008949F1 /* Station+CoreDataProperties.m */; };
		D273E21D1C50E884008949F1 /* Station.m in Sources */ = {isa = PBXBuildFile; fileRef = D273E2191C50E884008949F1 /* Station.m */; };
/* End PBXBuildFile section */

/* Begin PBXFileReference section */
		05BC56451C4050B400FAB24F /* CoreLocation.framework */ = {isa = PBXFileReference; lastKnownFileType = wrapper.framework; name = CoreLocation.framework; path = System/Library/Frameworks/CoreLocation.framework; sourceTree = SDKROOT; };
		05BC56471C4050BC00FAB24F /* MapKit.framework */ = {isa = PBXFileReference; lastKnownFileType = wrapper.framework; name = MapKit.framework; path = System/Library/Frameworks/MapKit.framework; sourceTree = SDKROOT; };
		D203635C1C3FF068002664D0 /* Smogapp.app */ = {isa = PBXFileReference; explicitFileType = wrapper.application; includeInIndex = 0; path = Smogapp.app; sourceTree = BUILT_PRODUCTS_DIR; };
		D20363601C3FF068002664D0 /* main.m */ = {isa = PBXFileReference; lastKnownFileType = sourcecode.c.objc; path = main.m; sourceTree = "<group>"; };
		D20363621C3FF068002664D0 /* AppDelegate.h */ = {isa = PBXFileReference; lastKnownFileType = sourcecode.c.h; path = AppDelegate.h; sourceTree = "<group>"; };
		D20363631C3FF068002664D0 /* AppDelegate.m */ = {isa = PBXFileReference; lastKnownFileType = sourcecode.c.objc; path = AppDelegate.m; sourceTree = "<group>"; };
		D20363691C3FF068002664D0 /* Base */ = {isa = PBXFileReference; lastKnownFileType = file.storyboard; name = Base; path = Base.lproj/Main.storyboard; sourceTree = "<group>"; };
		D203636C1C3FF068002664D0 /* Smogapp.xcdatamodel */ = {isa = PBXFileReference; lastKnownFileType = wrapper.xcdatamodel; path = Smogapp.xcdatamodel; sourceTree = "<group>"; };
		D203636E1C3FF068002664D0 /* Assets.xcassets */ = {isa = PBXFileReference; lastKnownFileType = folder.assetcatalog; path = Assets.xcassets; sourceTree = "<group>"; };
		D20363711C3FF068002664D0 /* Base */ = {isa = PBXFileReference; lastKnownFileType = file.storyboard; name = Base; path = Base.lproj/LaunchScreen.storyboard; sourceTree = "<group>"; };
		D20363731C3FF068002664D0 /* Info.plist */ = {isa = PBXFileReference; lastKnownFileType = text.plist.xml; path = Info.plist; sourceTree = "<group>"; };
		D273E1FE1C50E852008949F1 /* StationResultTableViewController.h */ = {isa = PBXFileReference; fileEncoding = 4; lastKnownFileType = sourcecode.c.h; path = StationResultTableViewController.h; sourceTree = "<group>"; };
		D273E1FF1C50E852008949F1 /* StationResultTableViewController.m */ = {isa = PBXFileReference; fileEncoding = 4; lastKnownFileType = sourcecode.c.objc; path = StationResultTableViewController.m; sourceTree = "<group>"; };
		D273E2021C50E863008949F1 /* CityMapViewController.h */ = {isa = PBXFileReference; fileEncoding = 4; lastKnownFileType = sourcecode.c.h; path = CityMapViewController.h; sourceTree = "<group>"; };
		D273E2031C50E863008949F1 /* CityMapViewController.m */ = {isa = PBXFileReference; fileEncoding = 4; lastKnownFileType = sourcecode.c.objc; path = CityMapViewController.m; sourceTree = "<group>"; };
		D273E2061C50E86D008949F1 /* CiteisViewController.h */ = {isa = PBXFileReference; fileEncoding = 4; lastKnownFileType = sourcecode.c.h; path = CiteisViewController.h; sourceTree = "<group>"; };
		D273E2071C50E86D008949F1 /* CitiesViewController.m */ = {isa = PBXFileReference; fileEncoding = 4; lastKnownFileType = sourcecode.c.objc; path = CitiesViewController.m; sourceTree = "<group>"; };
		D273E20A1C50E875008949F1 /* JSONParserToCoreData.h */ = {isa = PBXFileReference; fileEncoding = 4; lastKnownFileType = sourcecode.c.h; path = JSONParserToCoreData.h; sourceTree = "<group>"; };
		D273E20B1C50E875008949F1 /* JSONParserToCoreData.m */ = {isa = PBXFileReference; fileEncoding = 4; lastKnownFileType = sourcecode.c.objc; path = JSONParserToCoreData.m; sourceTree = "<group>"; };
		D273E20E1C50E87B008949F1 /* JSONDownloader.h */ = {isa = PBXFileReference; fileEncoding = 4; lastKnownFileType = sourcecode.c.h; path = JSONDownloader.h; sourceTree = "<group>"; };
		D273E20F1C50E87B008949F1 /* JSONDownloader.m */ = {isa = PBXFileReference; fileEncoding = 4; lastKnownFileType = sourcecode.c.objc; path = JSONDownloader.m; sourceTree = "<group>"; };
		D273E2121C50E884008949F1 /* Pollution+CoreDataProperties.h */ = {isa = PBXFileReference; fileEncoding = 4; lastKnownFileType = sourcecode.c.h; path = "Pollution+CoreDataProperties.h"; sourceTree = "<group>"; };
		D273E2131C50E884008949F1 /* Pollution+CoreDataProperties.m */ = {isa = PBXFileReference; fileEncoding = 4; lastKnownFileType = sourcecode.c.objc; path = "Pollution+CoreDataProperties.m"; sourceTree = "<group>"; };
		D273E2141C50E884008949F1 /* Pollution.h */ = {isa = PBXFileReference; fileEncoding = 4; lastKnownFileType = sourcecode.c.h; path = Pollution.h; sourceTree = "<group>"; };
		D273E2151C50E884008949F1 /* Pollution.m */ = {isa = PBXFileReference; fileEncoding = 4; lastKnownFileType = sourcecode.c.objc; path = Pollution.m; sourceTree = "<group>"; };
		D273E2161C50E884008949F1 /* Station+CoreDataProperties.h */ = {isa = PBXFileReference; fileEncoding = 4; lastKnownFileType = sourcecode.c.h; path = "Station+CoreDataProperties.h"; sourceTree = "<group>"; };
		D273E2171C50E884008949F1 /* Station+CoreDataProperties.m */ = {isa = PBXFileReference; fileEncoding = 4; lastKnownFileType = sourcecode.c.objc; path = "Station+CoreDataProperties.m"; sourceTree = "<group>"; };
		D273E2181C50E884008949F1 /* Station.h */ = {isa = PBXFileReference; fileEncoding = 4; lastKnownFileType = sourcecode.c.h; path = Station.h; sourceTree = "<group>"; };
		D273E2191C50E884008949F1 /* Station.m */ = {isa = PBXFileReference; fileEncoding = 4; lastKnownFileType = sourcecode.c.objc; path = Station.m; sourceTree = "<group>"; };
/* End PBXFileReference section */

/* Begin PBXFrameworksBuildPhase section */
		D20363591C3FF068002664D0 /* Frameworks */ = {
			isa = PBXFrameworksBuildPhase;
			buildActionMask = 2147483647;
			files = (
				05BC56481C4050BC00FAB24F /* MapKit.framework in Frameworks */,
				05BC56461C4050B400FAB24F /* CoreLocation.framework in Frameworks */,
			);
			runOnlyForDeploymentPostprocessing = 0;
		};
/* End PBXFrameworksBuildPhase section */

/* Begin PBXGroup section */
		D20363531C3FF068002664D0 = {
			isa = PBXGroup;
			children = (
				D273E2111C50E884008949F1 /* CoreDataClasess */,
				D273E20D1C50E87B008949F1 /* JSONDownloader */,
				D273E2091C50E875008949F1 /* JSONParser */,
				D273E2051C50E86D008949F1 /* CitiesViewController */,
				D273E2011C50E863008949F1 /* MapViewController */,
				D273E1FD1C50E852008949F1 /* StationResults */,
				D203635E1C3FF068002664D0 /* Smogapp */,
				D203635D1C3FF068002664D0 /* Products */,
			);
			sourceTree = "<group>";
		};
		D203635D1C3FF068002664D0 /* Products */ = {
			isa = PBXGroup;
			children = (
				D203635C1C3FF068002664D0 /* Smogapp.app */,
			);
			name = Products;
			sourceTree = "<group>";
		};
		D203635E1C3FF068002664D0 /* Smogapp */ = {
			isa = PBXGroup;
			children = (
				D20363621C3FF068002664D0 /* AppDelegate.h */,
				D20363631C3FF068002664D0 /* AppDelegate.m */,
				D20363681C3FF068002664D0 /* Main.storyboard */,
				D203636E1C3FF068002664D0 /* Assets.xcassets */,
				D20363701C3FF068002664D0 /* LaunchScreen.storyboard */,
				D20363731C3FF068002664D0 /* Info.plist */,
				D203636B1C3FF068002664D0 /* Smogapp.xcdatamodeld */,
				05BC56471C4050BC00FAB24F /* MapKit.framework */,
				05BC56451C4050B400FAB24F /* CoreLocation.framework */,
				D203635F1C3FF068002664D0 /* Supporting Files */,
			);
			path = Smogapp;
			sourceTree = "<group>";
		};
		D203635F1C3FF068002664D0 /* Supporting Files */ = {
			isa = PBXGroup;
			children = (
				D20363601C3FF068002664D0 /* main.m */,
			);
			name = "Supporting Files";
			sourceTree = "<group>";
		};
		D273E1FD1C50E852008949F1 /* StationResults */ = {
			isa = PBXGroup;
			children = (
				D273E1FE1C50E852008949F1 /* StationResultTableViewController.h */,
				D273E1FF1C50E852008949F1 /* StationResultTableViewController.m */,
			);
			path = StationResults;
			sourceTree = "<group>";
		};
		D273E2011C50E863008949F1 /* MapViewController */ = {
			isa = PBXGroup;
			children = (
				D273E2021C50E863008949F1 /* CityMapViewController.h */,
				D273E2031C50E863008949F1 /* CityMapViewController.m */,
			);
			path = MapViewController;
			sourceTree = "<group>";
		};
		D273E2051C50E86D008949F1 /* CitiesViewController */ = {
			isa = PBXGroup;
			children = (
				D273E2061C50E86D008949F1 /* CiteisViewController.h */,
				D273E2071C50E86D008949F1 /* CitiesViewController.m */,
			);
			path = CitiesViewController;
			sourceTree = "<group>";
		};
		D273E2091C50E875008949F1 /* JSONParser */ = {
			isa = PBXGroup;
			children = (
				D273E20A1C50E875008949F1 /* JSONParserToCoreData.h */,
				D273E20B1C50E875008949F1 /* JSONParserToCoreData.m */,
			);
			path = JSONParser;
			sourceTree = "<group>";
		};
		D273E20D1C50E87B008949F1 /* JSONDownloader */ = {
			isa = PBXGroup;
			children = (
				D273E20E1C50E87B008949F1 /* JSONDownloader.h */,
				D273E20F1C50E87B008949F1 /* JSONDownloader.m */,
			);
			path = JSONDownloader;
			sourceTree = "<group>";
		};
		D273E2111C50E884008949F1 /* CoreDataClasess */ = {
			isa = PBXGroup;
			children = (
				D273E2121C50E884008949F1 /* Pollution+CoreDataProperties.h */,
				D273E2131C50E884008949F1 /* Pollution+CoreDataProperties.m */,
				D273E2141C50E884008949F1 /* Pollution.h */,
				D273E2151C50E884008949F1 /* Pollution.m */,
				D273E2161C50E884008949F1 /* Station+CoreDataProperties.h */,
				D273E2171C50E884008949F1 /* Station+CoreDataProperties.m */,
				D273E2181C50E884008949F1 /* Station.h */,
				D273E2191C50E884008949F1 /* Station.m */,
			);
			path = CoreDataClasess;
			sourceTree = "<group>";
		};
/* End PBXGroup section */

/* Begin PBXNativeTarget section */
		D203635B1C3FF068002664D0 /* Smogapp */ = {
			isa = PBXNativeTarget;
			buildConfigurationList = D20363761C3FF068002664D0 /* Build configuration list for PBXNativeTarget "Smogapp" */;
			buildPhases = (
				D20363581C3FF068002664D0 /* Sources */,
				D20363591C3FF068002664D0 /* Frameworks */,
				D203635A1C3FF068002664D0 /* Resources */,
			);
			buildRules = (
			);
			dependencies = (
			);
			name = Smogapp;
			productName = Smogapp;
			productReference = D203635C1C3FF068002664D0 /* Smogapp.app */;
			productType = "com.apple.product-type.application";
		};
/* End PBXNativeTarget section */

/* Begin PBXProject section */
		D20363541C3FF068002664D0 /* Project object */ = {
			isa = PBXProject;
			attributes = {
				LastUpgradeCheck = 0720;
				ORGANIZATIONNAME = "Piotr Torczyski";
				TargetAttributes = {
					D203635B1C3FF068002664D0 = {
						CreatedOnToolsVersion = 7.2;
						DevelopmentTeam = SRC62UGFX9;
					};
				};
			};
			buildConfigurationList = D20363571C3FF068002664D0 /* Build configuration list for PBXProject "Smogapp" */;
			compatibilityVersion = "Xcode 3.2";
			developmentRegion = English;
			hasScannedForEncodings = 0;
			knownRegions = (
				en,
				Base,
			);
			mainGroup = D20363531C3FF068002664D0;
			productRefGroup = D203635D1C3FF068002664D0 /* Products */;
			projectDirPath = "";
			projectRoot = "";
			targets = (
				D203635B1C3FF068002664D0 /* Smogapp */,
			);
		};
/* End PBXProject section */

/* Begin PBXResourcesBuildPhase section */
		D203635A1C3FF068002664D0 /* Resources */ = {
			isa = PBXResourcesBuildPhase;
			buildActionMask = 2147483647;
			files = (
				D20363721C3FF068002664D0 /* LaunchScreen.storyboard in Resources */,
				D203636F1C3FF068002664D0 /* Assets.xcassets in Resources */,
				D203636A1C3FF068002664D0 /* Main.storyboard in Resources */,
			);
			runOnlyForDeploymentPostprocessing = 0;
		};
/* End PBXResourcesBuildPhase section */

/* Begin PBXSourcesBuildPhase section */
		D20363581C3FF068002664D0 /* Sources */ = {
			isa = PBXSourcesBuildPhase;
			buildActionMask = 2147483647;
			files = (
				D20363641C3FF068002664D0 /* AppDelegate.m in Sources */,
				D273E21A1C50E884008949F1 /* Pollution+CoreDataProperties.m in Sources */,
				D273E21D1C50E884008949F1 /* Station.m in Sources */,
				D273E21B1C50E884008949F1 /* Pollution.m in Sources */,
				D273E2081C50E86D008949F1 /* CitiesViewController.m in Sources */,
				D273E20C1C50E875008949F1 /* JSONParserToCoreData.m in Sources */,
				D273E2041C50E863008949F1 /* CityMapViewController.m in Sources */,
				D273E2101C50E87B008949F1 /* JSONDownloader.m in Sources */,
				D273E21C1C50E884008949F1 /* Station+CoreDataProperties.m in Sources */,
				D273E2001C50E852008949F1 /* StationResultTableViewController.m in Sources */,
				D20363611C3FF068002664D0 /* main.m in Sources */,
				D203636D1C3FF068002664D0 /* Smogapp.xcdatamodeld in Sources */,
			);
			runOnlyForDeploymentPostprocessing = 0;
		};
/* End PBXSourcesBuildPhase section */

/* Begin PBXVariantGroup section */
		D20363681C3FF068002664D0 /* Main.storyboard */ = {
			isa = PBXVariantGroup;
			children = (
				D20363691C3FF068002664D0 /* Base */,
			);
			name = Main.storyboard;
			sourceTree = "<group>";
		};
		D20363701C3FF068002664D0 /* LaunchScreen.storyboard */ = {
			isa = PBXVariantGroup;
			children = (
				D20363711C3FF068002664D0 /* Base */,
			);
			name = LaunchScreen.storyboard;
			sourceTree = "<group>";
		};
/* End PBXVariantGroup section */

/* Begin XCBuildConfiguration section */
		D20363741C3FF068002664D0 /* Debug */ = {
			isa = XCBuildConfiguration;
			buildSettings = {
				ALWAYS_SEARCH_USER_PATHS = NO;
				CLANG_CXX_LANGUAGE_STANDARD = "gnu++0x";
				CLANG_CXX_LIBRARY = "libc++";
				CLANG_ENABLE_MODULES = YES;
				CLANG_ENABLE_OBJC_ARC = YES;
				CLANG_WARN_BOOL_CONVERSION = YES;
				CLANG_WARN_CONSTANT_CONVERSION = YES;
				CLANG_WARN_DIRECT_OBJC_ISA_USAGE = YES_ERROR;
				CLANG_WARN_EMPTY_BODY = YES;
				CLANG_WARN_ENUM_CONVERSION = YES;
				CLANG_WARN_INT_CONVERSION = YES;
				CLANG_WARN_OBJC_ROOT_CLASS = YES_ERROR;
				CLANG_WARN_UNREACHABLE_CODE = YES;
				CLANG_WARN__DUPLICATE_METHOD_MATCH = YES;
				"CODE_SIGN_IDENTITY[sdk=iphoneos*]" = "iPhone Developer";
				COPY_PHASE_STRIP = NO;
				DEBUG_INFORMATION_FORMAT = dwarf;
				ENABLE_STRICT_OBJC_MSGSEND = YES;
				ENABLE_TESTABILITY = YES;
				GCC_C_LANGUAGE_STANDARD = gnu99;
				GCC_DYNAMIC_NO_PIC = NO;
				GCC_NO_COMMON_BLOCKS = YES;
				GCC_OPTIMIZATION_LEVEL = 0;
				GCC_PREPROCESSOR_DEFINITIONS = (
					"DEBUG=1",
					"$(inherited)",
				);
				GCC_WARN_64_TO_32_BIT_CONVERSION = YES;
				GCC_WARN_ABOUT_RETURN_TYPE = YES_ERROR;
				GCC_WARN_UNDECLARED_SELECTOR = YES;
				GCC_WARN_UNINITIALIZED_AUTOS = YES_AGGRESSIVE;
				GCC_WARN_UNUSED_FUNCTION = YES;
				GCC_WARN_UNUSED_VARIABLE = YES;
				IPHONEOS_DEPLOYMENT_TARGET = 9.2;
				MTL_ENABLE_DEBUG_INFO = YES;
				ONLY_ACTIVE_ARCH = YES;
				SDKROOT = iphoneos;
			};
			name = Debug;
		};
		D20363751C3FF068002664D0 /* Release */ = {
			isa = XCBuildConfiguration;
			buildSettings = {
				ALWAYS_SEARCH_USER_PATHS = NO;
				CLANG_CXX_LANGUAGE_STANDARD = "gnu++0x";
				CLANG_CXX_LIBRARY = "libc++";
				CLANG_ENABLE_MODULES = YES;
				CLANG_ENABLE_OBJC_ARC = YES;
				CLANG_WARN_BOOL_CONVERSION = YES;
				CLANG_WARN_CONSTANT_CONVERSION = YES;
				CLANG_WARN_DIRECT_OBJC_ISA_USAGE = YES_ERROR;
				CLANG_WARN_EMPTY_BODY = YES;
				CLANG_WARN_ENUM_CONVERSION = YES;
				CLANG_WARN_INT_CONVERSION = YES;
				CLANG_WARN_OBJC_ROOT_CLASS = YES_ERROR;
				CLANG_WARN_UNREACHABLE_CODE = YES;
				CLANG_WARN__DUPLICATE_METHOD_MATCH = YES;
				"CODE_SIGN_IDENTITY[sdk=iphoneos*]" = "iPhone Developer";
				COPY_PHASE_STRIP = NO;
				DEBUG_INFORMATION_FORMAT = "dwarf-with-dsym";
				ENABLE_NS_ASSERTIONS = NO;
				ENABLE_STRICT_OBJC_MSGSEND = YES;
				GCC_C_LANGUAGE_STANDARD = gnu99;
				GCC_NO_COMMON_BLOCKS = YES;
				GCC_WARN_64_TO_32_BIT_CONVERSION = YES;
				GCC_WARN_ABOUT_RETURN_TYPE = YES_ERROR;
				GCC_WARN_UNDECLARED_SELECTOR = YES;
				GCC_WARN_UNINITIALIZED_AUTOS = YES_AGGRESSIVE;
				GCC_WARN_UNUSED_FUNCTION = YES;
				GCC_WARN_UNUSED_VARIABLE = YES;
				IPHONEOS_DEPLOYMENT_TARGET = 9.2;
				MTL_ENABLE_DEBUG_INFO = NO;
				SDKROOT = iphoneos;
				VALIDATE_PRODUCT = YES;
			};
			name = Release;
		};
		D20363771C3FF068002664D0 /* Debug */ = {
			isa = XCBuildConfiguration;
			buildSettings = {
				ASSETCATALOG_COMPILER_APPICON_NAME = AppIcon;
				CODE_SIGN_IDENTITY = "iPhone Developer";
				"CODE_SIGN_IDENTITY[sdk=iphoneos*]" = "iPhone Developer";
				INFOPLIST_FILE = Smogapp/Info.plist;
				IPHONEOS_DEPLOYMENT_TARGET = 8.4;
				LD_RUNPATH_SEARCH_PATHS = "$(inherited) @executable_path/Frameworks";
				PRODUCT_BUNDLE_IDENTIFIER = com.sointeractive.Smogapp;
				PRODUCT_NAME = "$(TARGET_NAME)";
				PROVISIONING_PROFILE = "";
				TARGETED_DEVICE_FAMILY = 1;
			};
			name = Debug;
		};
		D20363781C3FF068002664D0 /* Release */ = {
			isa = XCBuildConfiguration;
			buildSettings = {
				ASSETCATALOG_COMPILER_APPICON_NAME = AppIcon;
				CODE_SIGN_IDENTITY = "iPhone Developer";
				"CODE_SIGN_IDENTITY[sdk=iphoneos*]" = "iPhone Developer";
				INFOPLIST_FILE = Smogapp/Info.plist;
				IPHONEOS_DEPLOYMENT_TARGET = 8.4;
				LD_RUNPATH_SEARCH_PATHS = "$(inherited) @executable_path/Frameworks";
				PRODUCT_BUNDLE_IDENTIFIER = com.sointeractive.Smogapp;
				PRODUCT_NAME = "$(TARGET_NAME)";
				PROVISIONING_PROFILE = "";
				TARGETED_DEVICE_FAMILY = 1;
			};
			name = Release;
		};
/* End XCBuildConfiguration section */

/* Begin XCConfigurationList section */
		D20363571C3FF068002664D0 /* Build configuration list for PBXProject "Smogapp" */ = {
			isa = XCConfigurationList;
			buildConfigurations = (
				D20363741C3FF068002664D0 /* Debug */,
				D20363751C3FF068002664D0 /* Release */,
			);
			defaultConfigurationIsVisible = 0;
			defaultConfigurationName = Release;
		};
		D20363761C3FF068002664D0 /* Build configuration list for PBXNativeTarget "Smogapp" */ = {
			isa = XCConfigurationList;
			buildConfigurations = (
				D20363771C3FF068002664D0 /* Debug */,
				D20363781C3FF068002664D0 /* Release */,
			);
			defaultConfigurationIsVisible = 0;
			defaultConfigurationName = Release;
		};
/* End XCConfigurationList section */

/* Begin XCVersionGroup section */
		D203636B1C3FF068002664D0 /* Smogapp.xcdatamodeld */ = {
			isa = XCVersionGroup;
			children = (
				D203636C1C3FF068002664D0 /* Smogapp.xcdatamodel */,
			);
			currentVersion = D203636C1C3FF068002664D0 /* Smogapp.xcdatamodel */;
			path = Smogapp.xcdatamodeld;
			sourceTree = "<group>";
			versionGroupType = wrapper.xcdatamodel;
		};
/* End XCVersionGroup section */
	};
	rootObject = D20363541C3FF068002664D0 /* Project object */;
}
